
Microsoft Visual Studio Solution File, Format Version 12.00
# Visual Studio Version 17
VisualStudioVersion = 17.5.002.0
MinimumVisualStudioVersion = 10.0.40219.1
Project("{2150E333-8FDC-42A3-9474-1A3956D46DE8}") = "csharp-prep", "csharp-prep", "{1970C12A-7A89-45BD-9041-CFFBEBEA582D}"
EndProject
Project("{9A19103F-16F7-4668-BE54-9A1E7A4F7556}") = "Prep1", "csharp-prep\Prep1\Prep1.csproj", "{8092DC58-437B-40AB-A3DF-DFF41FA80C39}"
EndProject
Project("{9A19103F-16F7-4668-BE54-9A1E7A4F7556}") = "Prep2", "csharp-prep\Prep2\Prep2.csproj", "{82DEFC2D-F3B4-4487-BA9D-E6E37701B95E}"
EndProject
Project("{9A19103F-16F7-4668-BE54-9A1E7A4F7556}") = "Prep3", "csharp-prep\Prep3\Prep3.csproj", "{9758F6C2-03E9-4DF7-801B-5F595D92E937}"
EndProject
Project("{9A19103F-16F7-4668-BE54-9A1E7A4F7556}") = "Prep4", "csharp-prep\Prep4\Prep4.csproj", "{9B89E422-6BBE-4715-A882-61446481648E}"
EndProject
Project("{9A19103F-16F7-4668-BE54-9A1E7A4F7556}") = "Prep5", "csharp-prep\Prep5\Prep5.csproj", "{0FB2F17C-AAC5-4692-BCE3-027082B493A7}"
EndProject
Project("{2150E333-8FDC-42A3-9474-1A3956D46DE8}") = "final", "final", "{F26AEC5D-B34F-4156-A98B-B589E6390536}"
EndProject
Project("{9A19103F-16F7-4668-BE54-9A1E7A4F7556}") = "FinalProject", "final\FinalProject\FinalProject.csproj", "{E709E2DD-8459-4620-B3B1-A125112B22A7}"
EndProject
Project("{9A19103F-16F7-4668-BE54-9A1E7A4F7556}") = "Foundation1", "final\Foundation1\Foundation1.csproj", "{D6CAA1FE-9D39-447E-8CD6-38B46FD8A8F3}"
EndProject
Project("{9A19103F-16F7-4668-BE54-9A1E7A4F7556}") = "Foundation2", "final\Foundation2\Foundation2.csproj", "{5C73D45F-D7DC-418B-8CF4-3CA996018C11}"
EndProject
Project("{9A19103F-16F7-4668-BE54-9A1E7A4F7556}") = "Foundation3", "final\Foundation3\Foundation3.csproj", "{13A39922-BD3B-4220-BC5A-37432303AE9A}"
EndProject
Project("{9A19103F-16F7-4668-BE54-9A1E7A4F7556}") = "Foundation4", "final\Foundation4\Foundation4.csproj", "{BAD295E2-9D5C-44B9-95A7-A672CD22D294}"
EndProject
Project("{2150E333-8FDC-42A3-9474-1A3956D46DE8}") = "prepare", "prepare", "{7C12BA24-C124-4CE0-85C3-7C3D662D183A}"
EndProject
Project("{9A19103F-16F7-4668-BE54-9A1E7A4F7556}") = "Learning02", "prepare\Learning02\Learning02.csproj", "{FEC0DC05-D740-4623-B36D-7DCAAB863922}"
EndProject
Project("{9A19103F-16F7-4668-BE54-9A1E7A4F7556}") = "Learning03", "prepare\Learning03\Learning03.csproj", "{0B456596-9DC1-4E10-B51B-C8ABA50BF825}"
EndProject
Project("{9A19103F-16F7-4668-BE54-9A1E7A4F7556}") = "Learning04", "prepare\Learning04\Learning04.csproj", "{26C8EF64-7E73-48AE-ACB8-763E327B4D39}"
EndProject
Project("{9A19103F-16F7-4668-BE54-9A1E7A4F7556}") = "Learning05", "prepare\Learning05\Learning05.csproj", "{096054AA-B57A-487C-BB51-F0603EEEFA04}"
EndProject
Project("{2150E333-8FDC-42A3-9474-1A3956D46DE8}") = "prove", "prove", "{146EF14B-82C8-490C-96B8-15746843C44F}"
EndProject
Project("{9A19103F-16F7-4668-BE54-9A1E7A4F7556}") = "Develop02", "prove\Develop02\Develop02.csproj", "{51DEA090-081F-4505-97BA-70CBDAAE383B}"
EndProject
Project("{9A19103F-16F7-4668-BE54-9A1E7A4F7556}") = "Develop03", "prove\Develop03\Develop03.csproj", "{E11EF237-C4F0-4C94-B99E-D6903A87F936}"
EndProject
Project("{9A19103F-16F7-4668-BE54-9A1E7A4F7556}") = "Develop04", "prove\Develop04\Develop04.csproj", "{EA0F79D6-92D5-423D-B29B-CE98A97A5875}"
EndProject
Project("{9A19103F-16F7-4668-BE54-9A1E7A4F7556}") = "Develop05", "prove\Develop05\Develop05.csproj", "{79B033AF-2EA9-4C48-A31C-E2B460B7392A}"
EndProject
Project("{2150E333-8FDC-42A3-9474-1A3956D46DE8}") = "sandbox", "sandbox", "{0D3AA1F5-C125-45D1-9ACC-A32D057CFB32}"
EndProject
Project("{9A19103F-16F7-4668-BE54-9A1E7A4F7556}") = "Sandbox", "sandbox\Sandbox\Sandbox.csproj", "{F3A0DCC3-8367-407F-9BAE-D5DA89411F4F}"
EndProject
Global
	GlobalSection(SolutionConfigurationPlatforms) = preSolution
		Debug|Any CPU = Debug|Any CPU
		Release|Any CPU = Release|Any CPU
	EndGlobalSection
	GlobalSection(ProjectConfigurationPlatforms) = postSolution
		{8092DC58-437B-40AB-A3DF-DFF41FA80C39}.Debug|Any CPU.ActiveCfg = Debug|Any CPU
		{8092DC58-437B-40AB-A3DF-DFF41FA80C39}.Debug|Any CPU.Build.0 = Debug|Any CPU
		{8092DC58-437B-40AB-A3DF-DFF41FA80C39}.Release|Any CPU.ActiveCfg = Release|Any CPU
		{8092DC58-437B-40AB-A3DF-DFF41FA80C39}.Release|Any CPU.Build.0 = Release|Any CPU
		{82DEFC2D-F3B4-4487-BA9D-E6E37701B95E}.Debug|Any CPU.ActiveCfg = Debug|Any CPU
		{82DEFC2D-F3B4-4487-BA9D-E6E37701B95E}.Debug|Any CPU.Build.0 = Debug|Any CPU
		{82DEFC2D-F3B4-4487-BA9D-E6E37701B95E}.Release|Any CPU.ActiveCfg = Release|Any CPU
		{82DEFC2D-F3B4-4487-BA9D-E6E37701B95E}.Release|Any CPU.Build.0 = Release|Any CPU
		{9758F6C2-03E9-4DF7-801B-5F595D92E937}.Debug|Any CPU.ActiveCfg = Debug|Any CPU
		{9758F6C2-03E9-4DF7-801B-5F595D92E937}.Debug|Any CPU.Build.0 = Debug|Any CPU
		{9758F6C2-03E9-4DF7-801B-5F595D92E937}.Release|Any CPU.ActiveCfg = Release|Any CPU
		{9758F6C2-03E9-4DF7-801B-5F595D92E937}.Release|Any CPU.Build.0 = Release|Any CPU
		{9B89E422-6BBE-4715-A882-61446481648E}.Debug|Any CPU.ActiveCfg = Debug|Any CPU
		{9B89E422-6BBE-4715-A882-61446481648E}.Debug|Any CPU.Build.0 = Debug|Any CPU
		{9B89E422-6BBE-4715-A882-61446481648E}.Release|Any CPU.ActiveCfg = Release|Any CPU
		{9B89E422-6BBE-4715-A882-61446481648E}.Release|Any CPU.Build.0 = Release|Any CPU
		{0FB2F17C-AAC5-4692-BCE3-027082B493A7}.Debug|Any CPU.ActiveCfg = Debug|Any CPU
		{0FB2F17C-AAC5-4692-BCE3-027082B493A7}.Debug|Any CPU.Build.0 = Debug|Any CPU
		{0FB2F17C-AAC5-4692-BCE3-027082B493A7}.Release|Any CPU.ActiveCfg = Release|Any CPU
		{0FB2F17C-AAC5-4692-BCE3-027082B493A7}.Release|Any CPU.Build.0 = Release|Any CPU
		{E709E2DD-8459-4620-B3B1-A125112B22A7}.Debug|Any CPU.ActiveCfg = Debug|Any CPU
		{E709E2DD-8459-4620-B3B1-A125112B22A7}.Debug|Any CPU.Build.0 = Debug|Any CPU
		{E709E2DD-8459-4620-B3B1-A125112B22A7}.Release|Any CPU.ActiveCfg = Release|Any CPU
		{E709E2DD-8459-4620-B3B1-A125112B22A7}.Release|Any CPU.Build.0 = Release|Any CPU
		{D6CAA1FE-9D39-447E-8CD6-38B46FD8A8F3}.Debug|Any CPU.ActiveCfg = Debug|Any CPU
		{D6CAA1FE-9D39-447E-8CD6-38B46FD8A8F3}.Debug|Any CPU.Build.0 = Debug|Any CPU
		{D6CAA1FE-9D39-447E-8CD6-38B46FD8A8F3}.Release|Any CPU.ActiveCfg = Release|Any CPU
		{D6CAA1FE-9D39-447E-8CD6-38B46FD8A8F3}.Release|Any CPU.Build.0 = Release|Any CPU
		{5C73D45F-D7DC-418B-8CF4-3CA996018C11}.Debug|Any CPU.ActiveCfg = Debug|Any CPU
		{5C73D45F-D7DC-418B-8CF4-3CA996018C11}.Debug|Any CPU.Build.0 = Debug|Any CPU
		{5C73D45F-D7DC-418B-8CF4-3CA996018C11}.Release|Any CPU.ActiveCfg = Release|Any CPU
		{5C73D45F-D7DC-418B-8CF4-3CA996018C11}.Release|Any CPU.Build.0 = Release|Any CPU
		{13A39922-BD3B-4220-BC5A-37432303AE9A}.Debug|Any CPU.ActiveCfg = Debug|Any CPU
		{13A39922-BD3B-4220-BC5A-37432303AE9A}.Debug|Any CPU.Build.0 = Debug|Any CPU
		{13A39922-BD3B-4220-BC5A-37432303AE9A}.Release|Any CPU.ActiveCfg = Release|Any CPU
		{13A39922-BD3B-4220-BC5A-37432303AE9A}.Release|Any CPU.Build.0 = Release|Any CPU
		{BAD295E2-9D5C-44B9-95A7-A672CD22D294}.Debug|Any CPU.ActiveCfg = Debug|Any CPU
		{BAD295E2-9D5C-44B9-95A7-A672CD22D294}.Debug|Any CPU.Build.0 = Debug|Any CPU
		{BAD295E2-9D5C-44B9-95A7-A672CD22D294}.Release|Any CPU.ActiveCfg = Release|Any CPU
		{BAD295E2-9D5C-44B9-95A7-A672CD22D294}.Release|Any CPU.Build.0 = Release|Any CPU
		{FEC0DC05-D740-4623-B36D-7DCAAB863922}.Debug|Any CPU.ActiveCfg = Debug|Any CPU
		{FEC0DC05-D740-4623-B36D-7DCAAB863922}.Debug|Any CPU.Build.0 = Debug|Any CPU
		{FEC0DC05-D740-4623-B36D-7DCAAB863922}.Release|Any CPU.ActiveCfg = Release|Any CPU
		{FEC0DC05-D740-4623-B36D-7DCAAB863922}.Release|Any CPU.Build.0 = Release|Any CPU
		{0B456596-9DC1-4E10-B51B-C8ABA50BF825}.Debug|Any CPU.ActiveCfg = Debug|Any CPU
		{0B456596-9DC1-4E10-B51B-C8ABA50BF825}.Debug|Any CPU.Build.0 = Debug|Any CPU
		{0B456596-9DC1-4E10-B51B-C8ABA50BF825}.Release|Any CPU.ActiveCfg = Release|Any CPU
		{0B456596-9DC1-4E10-B51B-C8ABA50BF825}.Release|Any CPU.Build.0 = Release|Any CPU
		{26C8EF64-7E73-48AE-ACB8-763E327B4D39}.Debug|Any CPU.ActiveCfg = Debug|Any CPU
		{26C8EF64-7E73-48AE-ACB8-763E327B4D39}.Debug|Any CPU.Build.0 = Debug|Any CPU
		{26C8EF64-7E73-48AE-ACB8-763E327B4D39}.Release|Any CPU.ActiveCfg = Release|Any CPU
		{26C8EF64-7E73-48AE-ACB8-763E327B4D39}.Release|Any CPU.Build.0 = Release|Any CPU
		{096054AA-B57A-487C-BB51-F0603EEEFA04}.Debug|Any CPU.ActiveCfg = Debug|Any CPU
		{096054AA-B57A-487C-BB51-F0603EEEFA04}.Debug|Any CPU.Build.0 = Debug|Any CPU
		{096054AA-B57A-487C-BB51-F0603EEEFA04}.Release|Any CPU.ActiveCfg = Release|Any CPU
		{096054AA-B57A-487C-BB51-F0603EEEFA04}.Release|Any CPU.Build.0 = Release|Any CPU
		{51DEA090-081F-4505-97BA-70CBDAAE383B}.Debug|Any CPU.ActiveCfg = Debug|Any CPU
		{51DEA090-081F-4505-97BA-70CBDAAE383B}.Debug|Any CPU.Build.0 = Debug|Any CPU
		{51DEA090-081F-4505-97BA-70CBDAAE383B}.Release|Any CPU.ActiveCfg = Release|Any CPU
		{51DEA090-081F-4505-97BA-70CBDAAE383B}.Release|Any CPU.Build.0 = Release|Any CPU
		{E11EF237-C4F0-4C94-B99E-D6903A87F936}.Debug|Any CPU.ActiveCfg = Debug|Any CPU
		{E11EF237-C4F0-4C94-B99E-D6903A87F936}.Debug|Any CPU.Build.0 = Debug|Any CPU
		{E11EF237-C4F0-4C94-B99E-D6903A87F936}.Release|Any CPU.ActiveCfg = Release|Any CPU
		{E11EF237-C4F0-4C94-B99E-D6903A87F936}.Release|Any CPU.Build.0 = Release|Any CPU
		{EA0F79D6-92D5-423D-B29B-CE98A97A5875}.Debug|Any CPU.ActiveCfg = Debug|Any CPU
		{EA0F79D6-92D5-423D-B29B-CE98A97A5875}.Debug|Any CPU.Build.0 = Debug|Any CPU
		{EA0F79D6-92D5-423D-B29B-CE98A97A5875}.Release|Any CPU.ActiveCfg = Release|Any CPU
		{EA0F79D6-92D5-423D-B29B-CE98A97A5875}.Release|Any CPU.Build.0 = Release|Any CPU
		{79B033AF-2EA9-4C48-A31C-E2B460B7392A}.Debug|Any CPU.ActiveCfg = Debug|Any CPU
		{79B033AF-2EA9-4C48-A31C-E2B460B7392A}.Debug|Any CPU.Build.0 = Debug|Any CPU
		{79B033AF-2EA9-4C48-A31C-E2B460B7392A}.Release|Any CPU.ActiveCfg = Release|Any CPU
		{79B033AF-2EA9-4C48-A31C-E2B460B7392A}.Release|Any CPU.Build.0 = Release|Any CPU
		{F3A0DCC3-8367-407F-9BAE-D5DA89411F4F}.Debug|Any CPU.ActiveCfg = Debug|Any CPU
		{F3A0DCC3-8367-407F-9BAE-D5DA89411F4F}.Debug|Any CPU.Build.0 = Debug|Any CPU
		{F3A0DCC3-8367-407F-9BAE-D5DA89411F4F}.Release|Any CPU.ActiveCfg = Release|Any CPU
		{F3A0DCC3-8367-407F-9BAE-D5DA89411F4F}.Release|Any CPU.Build.0 = Release|Any CPU
	EndGlobalSection
	GlobalSection(SolutionProperties) = preSolution
		HideSolutionNode = FALSE
	EndGlobalSection
	GlobalSection(NestedProjects) = preSolution
		{8092DC58-437B-40AB-A3DF-DFF41FA80C39} = {1970C12A-7A89-45BD-9041-CFFBEBEA582D}
		{82DEFC2D-F3B4-4487-BA9D-E6E37701B95E} = {1970C12A-7A89-45BD-9041-CFFBEBEA582D}
		{9758F6C2-03E9-4DF7-801B-5F595D92E937} = {1970C12A-7A89-45BD-9041-CFFBEBEA582D}
		{9B89E422-6BBE-4715-A882-61446481648E} = {1970C12A-7A89-45BD-9041-CFFBEBEA582D}
		{0FB2F17C-AAC5-4692-BCE3-027082B493A7} = {1970C12A-7A89-45BD-9041-CFFBEBEA582D}
		{E709E2DD-8459-4620-B3B1-A125112B22A7} = {F26AEC5D-B34F-4156-A98B-B589E6390536}
		{D6CAA1FE-9D39-447E-8CD6-38B46FD8A8F3} = {F26AEC5D-B34F-4156-A98B-B589E6390536}
		{5C73D45F-D7DC-418B-8CF4-3CA996018C11} = {F26AEC5D-B34F-4156-A98B-B589E6390536}
		{13A39922-BD3B-4220-BC5A-37432303AE9A} = {F26AEC5D-B34F-4156-A98B-B589E6390536}
		{BAD295E2-9D5C-44B9-95A7-A672CD22D294} = {F26AEC5D-B34F-4156-A98B-B589E6390536}
		{FEC0DC05-D740-4623-B36D-7DCAAB863922} = {7C12BA24-C124-4CE0-85C3-7C3D662D183A}
		{0B456596-9DC1-4E10-B51B-C8ABA50BF825} = {7C12BA24-C124-4CE0-85C3-7C3D662D183A}
		{26C8EF64-7E73-48AE-ACB8-763E327B4D39} = {7C12BA24-C124-4CE0-85C3-7C3D662D183A}
		{096054AA-B57A-487C-BB51-F0603EEEFA04} = {7C12BA24-C124-4CE0-85C3-7C3D662D183A}
		{51DEA090-081F-4505-97BA-70CBDAAE383B} = {146EF14B-82C8-490C-96B8-15746843C44F}
		{E11EF237-C4F0-4C94-B99E-D6903A87F936} = {146EF14B-82C8-490C-96B8-15746843C44F}
		{EA0F79D6-92D5-423D-B29B-CE98A97A5875} = {146EF14B-82C8-490C-96B8-15746843C44F}
		{79B033AF-2EA9-4C48-A31C-E2B460B7392A} = {146EF14B-82C8-490C-96B8-15746843C44F}
		{F3A0DCC3-8367-407F-9BAE-D5DA89411F4F} = {0D3AA1F5-C125-45D1-9ACC-A32D057CFB32}
	EndGlobalSection
	GlobalSection(ExtensibilityGlobals) = postSolution
		SolutionGuid = {78D48005-041D-46DE-900C-70C91C2F62D6}
	EndGlobalSection
EndGlobal
